// !$*UTF8*$!
{
	archiveVersion = 1;
	classes = {
	};
	objectVersion = 52;
	objects = {

/* Begin PBXBuildFile section */
		A6DCC9E925B8118A003A0594 /* AppDelegate.swift in Sources */ = {isa = PBXBuildFile; fileRef = A6DCC9E825B8118A003A0594 /* AppDelegate.swift */; };
		A6DCC9EB25B8118A003A0594 /* SceneDelegate.swift in Sources */ = {isa = PBXBuildFile; fileRef = A6DCC9EA25B8118A003A0594 /* SceneDelegate.swift */; };
		A6DCC9ED25B8118A003A0594 /* JokesViewController.swift in Sources */ = {isa = PBXBuildFile; fileRef = A6DCC9EC25B8118A003A0594 /* JokesViewController.swift */; };
		A6DCC9F025B8118A003A0594 /* Main.storyboard in Resources */ = {isa = PBXBuildFile; fileRef = A6DCC9EE25B8118A003A0594 /* Main.storyboard */; };
		A6DCC9F225B8118D003A0594 /* Assets.xcassets in Resources */ = {isa = PBXBuildFile; fileRef = A6DCC9F125B8118D003A0594 /* Assets.xcassets */; };
		A6DCC9F525B8118D003A0594 /* LaunchScreen.storyboard in Resources */ = {isa = PBXBuildFile; fileRef = A6DCC9F325B8118D003A0594 /* LaunchScreen.storyboard */; };
		A6DCCA0625B860A4003A0594 /* Joke.swift in Sources */ = {isa = PBXBuildFile; fileRef = A6DCCA0525B860A4003A0594 /* Joke.swift */; };
		A6DCCA0B25B86622003A0594 /* NetworkManager.swift in Sources */ = {isa = PBXBuildFile; fileRef = A6DCCA0A25B86622003A0594 /* NetworkManager.swift */; };
		A6DCCA0F25B8685D003A0594 /* Alamofire in Frameworks */ = {isa = PBXBuildFile; productRef = A6DCCA0E25B8685D003A0594 /* Alamofire */; };
		A6DCCA1225B97F13003A0594 /* JokesTableViewCell.swift in Sources */ = {isa = PBXBuildFile; fileRef = A6DCCA1125B97F13003A0594 /* JokesTableViewCell.swift */; };
		A6DCCA2C25B9BC6A003A0594 /* WKWebViewController.swift in Sources */ = {isa = PBXBuildFile; fileRef = A6DCCA2B25B9BC6A003A0594 /* WKWebViewController.swift */; };
/* End PBXBuildFile section */

/* Begin PBXFileReference section */
		A6DCC9E525B8118A003A0594 /* Jokes.app */ = {isa = PBXFileReference; explicitFileType = wrapper.application; includeInIndex = 0; path = Jokes.app; sourceTree = BUILT_PRODUCTS_DIR; };
		A6DCC9E825B8118A003A0594 /* AppDelegate.swift */ = {isa = PBXFileReference; lastKnownFileType = sourcecode.swift; path = AppDelegate.swift; sourceTree = "<group>"; };
		A6DCC9EA25B8118A003A0594 /* SceneDelegate.swift */ = {isa = PBXFileReference; lastKnownFileType = sourcecode.swift; path = SceneDelegate.swift; sourceTree = "<group>"; };
		A6DCC9EC25B8118A003A0594 /* JokesViewController.swift */ = {isa = PBXFileReference; lastKnownFileType = sourcecode.swift; path = JokesViewController.swift; sourceTree = "<group>"; };
		A6DCC9EF25B8118A003A0594 /* Base */ = {isa = PBXFileReference; lastKnownFileType = file.storyboard; name = Base; path = Base.lproj/Main.storyboard; sourceTree = "<group>"; };
		A6DCC9F125B8118D003A0594 /* Assets.xcassets */ = {isa = PBXFileReference; lastKnownFileType = folder.assetcatalog; path = Assets.xcassets; sourceTree = "<group>"; };
		A6DCC9F425B8118D003A0594 /* Base */ = {isa = PBXFileReference; lastKnownFileType = file.storyboard; name = Base; path = Base.lproj/LaunchScreen.storyboard; sourceTree = "<group>"; };
		A6DCC9F625B8118D003A0594 /* Info.plist */ = {isa = PBXFileReference; lastKnownFileType = text.plist.xml; path = Info.plist; sourceTree = "<group>"; };
		A6DCCA0525B860A4003A0594 /* Joke.swift */ = {isa = PBXFileReference; lastKnownFileType = sourcecode.swift; path = Joke.swift; sourceTree = "<group>"; };
		A6DCCA0A25B86622003A0594 /* NetworkManager.swift */ = {isa = PBXFileReference; lastKnownFileType = sourcecode.swift; path = NetworkManager.swift; sourceTree = "<group>"; };
		A6DCCA1125B97F13003A0594 /* JokesTableViewCell.swift */ = {isa = PBXFileReference; lastKnownFileType = sourcecode.swift; path = JokesTableViewCell.swift; sourceTree = "<group>"; };
		A6DCCA2B25B9BC6A003A0594 /* WKWebViewController.swift */ = {isa = PBXFileReference; lastKnownFileType = sourcecode.swift; path = WKWebViewController.swift; sourceTree = "<group>"; };
/* End PBXFileReference section */

/* Begin PBXFrameworksBuildPhase section */
		A6DCC9E225B8118A003A0594 /* Frameworks */ = {
			isa = PBXFrameworksBuildPhase;
			buildActionMask = 2147483647;
			files = (
				A6DCCA0F25B8685D003A0594 /* Alamofire in Frameworks */,
			);
			runOnlyForDeploymentPostprocessing = 0;
		};
/* End PBXFrameworksBuildPhase section */

/* Begin PBXGroup section */
		A6DCC9DC25B8118A003A0594 = {
			isa = PBXGroup;
			children = (
				A6DCC9E725B8118A003A0594 /* Jokes */,
				A6DCC9E625B8118A003A0594 /* Products */,
			);
			sourceTree = "<group>";
		};
		A6DCC9E625B8118A003A0594 /* Products */ = {
			isa = PBXGroup;
			children = (
				A6DCC9E525B8118A003A0594 /* Jokes.app */,
			);
			name = Products;
			sourceTree = "<group>";
		};
		A6DCC9E725B8118A003A0594 /* Jokes */ = {
			isa = PBXGroup;
			children = (
				A6DCC9E825B8118A003A0594 /* AppDelegate.swift */,
				A6DCC9EA25B8118A003A0594 /* SceneDelegate.swift */,
				A6DCCA0325B85FC0003A0594 /* Model */,
				A6DCCA0425B85FD4003A0594 /* View */,
				A6DCCA0225B85F2D003A0594 /* Controller */,
				A6DCC9F125B8118D003A0594 /* Assets.xcassets */,
				A6DCC9F325B8118D003A0594 /* LaunchScreen.storyboard */,
				A6DCC9F625B8118D003A0594 /* Info.plist */,
			);
			path = Jokes;
			sourceTree = "<group>";
		};
		A6DCCA0225B85F2D003A0594 /* Controller */ = {
			isa = PBXGroup;
			children = (
				A6DCC9EC25B8118A003A0594 /* JokesViewController.swift */,
				A6DCCA1125B97F13003A0594 /* JokesTableViewCell.swift */,
				A6DCCA2B25B9BC6A003A0594 /* WKWebViewController.swift */,
			);
			path = Controller;
			sourceTree = "<group>";
		};
		A6DCCA0325B85FC0003A0594 /* Model */ = {
			isa = PBXGroup;
			children = (
				A6DCCA0525B860A4003A0594 /* Joke.swift */,
				A6DCCA0A25B86622003A0594 /* NetworkManager.swift */,
			);
			path = Model;
			sourceTree = "<group>";
		};
		A6DCCA0425B85FD4003A0594 /* View */ = {
			isa = PBXGroup;
			children = (
				A6DCC9EE25B8118A003A0594 /* Main.storyboard */,
			);
			path = View;
			sourceTree = "<group>";
		};
/* End PBXGroup section */

/* Begin PBXNativeTarget section */
		A6DCC9E425B8118A003A0594 /* Jokes */ = {
			isa = PBXNativeTarget;
			buildConfigurationList = A6DCC9F925B8118D003A0594 /* Build configuration list for PBXNativeTarget "Jokes" */;
			buildPhases = (
				A6DCC9E125B8118A003A0594 /* Sources */,
				A6DCC9E225B8118A003A0594 /* Frameworks */,
				A6DCC9E325B8118A003A0594 /* Resources */,
			);
			buildRules = (
			);
			dependencies = (
			);
			name = Jokes;
			packageProductDependencies = (
				A6DCCA0E25B8685D003A0594 /* Alamofire */,
			);
			productName = Jokes;
			productReference = A6DCC9E525B8118A003A0594 /* Jokes.app */;
			productType = "com.apple.product-type.application";
		};
/* End PBXNativeTarget section */

/* Begin PBXProject section */
		A6DCC9DD25B8118A003A0594 /* Project object */ = {
			isa = PBXProject;
			attributes = {
				LastSwiftUpdateCheck = 1200;
				LastUpgradeCheck = 1200;
				TargetAttributes = {
					A6DCC9E425B8118A003A0594 = {
						CreatedOnToolsVersion = 12.0.1;
					};
				};
			};
			buildConfigurationList = A6DCC9E025B8118A003A0594 /* Build configuration list for PBXProject "Jokes" */;
			compatibilityVersion = "Xcode 9.3";
			developmentRegion = en;
			hasScannedForEncodings = 0;
			knownRegions = (
				en,
				Base,
			);
			mainGroup = A6DCC9DC25B8118A003A0594;
			packageReferences = (
				A6DCCA0D25B8685D003A0594 /* XCRemoteSwiftPackageReference "Alamofire" */,
			);
			productRefGroup = A6DCC9E625B8118A003A0594 /* Products */;
			projectDirPath = "";
			projectRoot = "";
			targets = (
				A6DCC9E425B8118A003A0594 /* Jokes */,
			);
		};
/* End PBXProject section */

/* Begin PBXResourcesBuildPhase section */
		A6DCC9E325B8118A003A0594 /* Resources */ = {
			isa = PBXResourcesBuildPhase;
			buildActionMask = 2147483647;
			files = (
				A6DCC9F525B8118D003A0594 /* LaunchScreen.storyboard in Resources */,
				A6DCC9F225B8118D003A0594 /* Assets.xcassets in Resources */,
				A6DCC9F025B8118A003A0594 /* Main.storyboard in Resources */,
			);
			runOnlyForDeploymentPostprocessing = 0;
		};
/* End PBXResourcesBuildPhase section */

/* Begin PBXSourcesBuildPhase section */
		A6DCC9E125B8118A003A0594 /* Sources */ = {
			isa = PBXSourcesBuildPhase;
			buildActionMask = 2147483647;
			files = (
				A6DCCA2C25B9BC6A003A0594 /* WKWebViewController.swift in Sources */,
				A6DCC9ED25B8118A003A0594 /* JokesViewController.swift in Sources */,
				A6DCC9E925B8118A003A0594 /* AppDelegate.swift in Sources */,
				A6DCCA1225B97F13003A0594 /* JokesTableViewCell.swift in Sources */,
				A6DCCA0B25B86622003A0594 /* NetworkManager.swift in Sources */,
				A6DCCA0625B860A4003A0594 /* Joke.swift in Sources */,
				A6DCC9EB25B8118A003A0594 /* SceneDelegate.swift in Sources */,
			);
			runOnlyForDeploymentPostprocessing = 0;
		};
/* End PBXSourcesBuildPhase section */

/* Begin PBXVariantGroup section */
		A6DCC9EE25B8118A003A0594 /* Main.storyboard */ = {
			isa = PBXVariantGroup;
			children = (
				A6DCC9EF25B8118A003A0594 /* Base */,
			);
			name = Main.storyboard;
			sourceTree = "<group>";
		};
		A6DCC9F325B8118D003A0594 /* LaunchScreen.storyboard */ = {
			isa = PBXVariantGroup;
			children = (
				A6DCC9F425B8118D003A0594 /* Base */,
			);
			name = LaunchScreen.storyboard;
			sourceTree = "<group>";
		};
/* End PBXVariantGroup section */

/* Begin XCBuildConfiguration section */
		A6DCC9F725B8118D003A0594 /* Debug */ = {
			isa = XCBuildConfiguration;
			buildSettings = {
				ALWAYS_SEARCH_USER_PATHS = NO;
				CLANG_ANALYZER_NONNULL = YES;
				CLANG_ANALYZER_NUMBER_OBJECT_CONVERSION = YES_AGGRESSIVE;
				CLANG_CXX_LANGUAGE_STANDARD = "gnu++14";
				CLANG_CXX_LIBRARY = "libc++";
				CLANG_ENABLE_MODULES = YES;
				CLANG_ENABLE_OBJC_ARC = YES;
				CLANG_ENABLE_OBJC_WEAK = YES;
				CLANG_WARN_BLOCK_CAPTURE_AUTORELEASING = YES;
				CLANG_WARN_BOOL_CONVERSION = YES;
				CLANG_WARN_COMMA = YES;
				CLANG_WARN_CONSTANT_CONVERSION = YES;
				CLANG_WARN_DEPRECATED_OBJC_IMPLEMENTATIONS = YES;
				CLANG_WARN_DIRECT_OBJC_ISA_USAGE = YES_ERROR;
				CLANG_WARN_DOCUMENTATION_COMMENTS = YES;
				CLANG_WARN_EMPTY_BODY = YES;
				CLANG_WARN_ENUM_CONVERSION = YES;
				CLANG_WARN_INFINITE_RECURSION = YES;
				CLANG_WARN_INT_CONVERSION = YES;
				CLANG_WARN_NON_LITERAL_NULL_CONVERSION = YES;
				CLANG_WARN_OBJC_IMPLICIT_RETAIN_SELF = YES;
				CLANG_WARN_OBJC_LITERAL_CONVERSION = YES;
				CLANG_WARN_OBJC_ROOT_CLASS = YES_ERROR;
				CLANG_WARN_QUOTED_INCLUDE_IN_FRAMEWORK_HEADER = YES;
				CLANG_WARN_RANGE_LOOP_ANALYSIS = YES;
				CLANG_WARN_STRICT_PROTOTYPES = YES;
				CLANG_WARN_SUSPICIOUS_MOVE = YES;
				CLANG_WARN_UNGUARDED_AVAILABILITY = YES_AGGRESSIVE;
				CLANG_WARN_UNREACHABLE_CODE = YES;
				CLANG_WARN__DUPLICATE_METHOD_MATCH = YES;
				COPY_PHASE_STRIP = NO;
				DEBUG_INFORMATION_FORMAT = dwarf;
				ENABLE_STRICT_OBJC_MSGSEND = YES;
				ENABLE_TESTABILITY = YES;
				GCC_C_LANGUAGE_STANDARD = gnu11;
				GCC_DYNAMIC_NO_PIC = NO;
				GCC_NO_COMMON_BLOCKS = YES;
				GCC_OPTIMIZATION_LEVEL = 0;
				GCC_PREPROCESSOR_DEFINITIONS = (
					"DEBUG=1",
					"$(inherited)",
				);
				GCC_WARN_64_TO_32_BIT_CONVERSION = YES;
				GCC_WARN_ABOUT_RETURN_TYPE = YES_ERROR;
				GCC_WARN_UNDECLARED_SELECTOR = YES;
				GCC_WARN_UNINITIALIZED_AUTOS = YES_AGGRESSIVE;
				GCC_WARN_UNUSED_FUNCTION = YES;
				GCC_WARN_UNUSED_VARIABLE = YES;
				IPHONEOS_DEPLOYMENT_TARGET = 14.0;
				MTL_ENABLE_DEBUG_INFO = INCLUDE_SOURCE;
				MTL_FAST_MATH = YES;
				ONLY_ACTIVE_ARCH = YES;
				SDKROOT = iphoneos;
				SWIFT_ACTIVE_COMPILATION_CONDITIONS = DEBUG;
				SWIFT_OPTIMIZATION_LEVEL = "-Onone";
			};
			name = Debug;
		};
		A6DCC9F825B8118D003A0594 /* Release */ = {
			isa = XCBuildConfiguration;
			buildSettings = {
				ALWAYS_SEARCH_USER_PATHS = NO;
				CLANG_ANALYZER_NONNULL = YES;
				CLANG_ANALYZER_NUMBER_OBJECT_CONVERSION = YES_AGGRESSIVE;
				CLANG_CXX_LANGUAGE_STANDARD = "gnu++14";
				CLANG_CXX_LIBRARY = "libc++";
				CLANG_ENABLE_MODULES = YES;
				CLANG_ENABLE_OBJC_ARC = YES;
				CLANG_ENABLE_OBJC_WEAK = YES;
				CLANG_WARN_BLOCK_CAPTURE_AUTORELEASING = YES;
				CLANG_WARN_BOOL_CONVERSION = YES;
				CLANG_WARN_COMMA = YES;
				CLANG_WARN_CONSTANT_CONVERSION = YES;
				CLANG_WARN_DEPRECATED_OBJC_IMPLEMENTATIONS = YES;
				CLANG_WARN_DIRECT_OBJC_ISA_USAGE = YES_ERROR;
				CLANG_WARN_DOCUMENTATION_COMMENTS = YES;
				CLANG_WARN_EMPTY_BODY = YES;
				CLANG_WARN_ENUM_CONVERSION = YES;
				CLANG_WARN_INFINITE_RECURSION = YES;
				CLANG_WARN_INT_CONVERSION = YES;
				CLANG_WARN_NON_LITERAL_NULL_CONVERSION = YES;
				CLANG_WARN_OBJC_IMPLICIT_RETAIN_SELF = YES;
				CLANG_WARN_OBJC_LITERAL_CONVERSION = YES;
				CLANG_WARN_OBJC_ROOT_CLASS = YES_ERROR;
				CLANG_WARN_QUOTED_INCLUDE_IN_FRAMEWORK_HEADER = YES;
				CLANG_WARN_RANGE_LOOP_ANALYSIS = YES;
				CLANG_WARN_STRICT_PROTOTYPES = YES;
				CLANG_WARN_SUSPICIOUS_MOVE = YES;
				CLANG_WARN_UNGUARDED_AVAILABILITY = YES_AGGRESSIVE;
				CLANG_WARN_UNREACHABLE_CODE = YES;
				CLANG_WARN__DUPLICATE_METHOD_MATCH = YES;
				COPY_PHASE_STRIP = NO;
				DEBUG_INFORMATION_FORMAT = "dwarf-with-dsym";
				ENABLE_NS_ASSERTIONS = NO;
				ENABLE_STRICT_OBJC_MSGSEND = YES;
				GCC_C_LANGUAGE_STANDARD = gnu11;
				GCC_NO_COMMON_BLOCKS = YES;
				GCC_WARN_64_TO_32_BIT_CONVERSION = YES;
				GCC_WARN_ABOUT_RETURN_TYPE = YES_ERROR;
				GCC_WARN_UNDECLARED_SELECTOR = YES;
				GCC_WARN_UNINITIALIZED_AUTOS = YES_AGGRESSIVE;
				GCC_WARN_UNUSED_FUNCTION = YES;
				GCC_WARN_UNUSED_VARIABLE = YES;
				IPHONEOS_DEPLOYMENT_TARGET = 14.0;
				MTL_ENABLE_DEBUG_INFO = NO;
				MTL_FAST_MATH = YES;
				SDKROOT = iphoneos;
				SWIFT_COMPILATION_MODE = wholemodule;
				SWIFT_OPTIMIZATION_LEVEL = "-O";
				VALIDATE_PRODUCT = YES;
			};
			name = Release;
		};
		A6DCC9FA25B8118D003A0594 /* Debug */ = {
			isa = XCBuildConfiguration;
			buildSettings = {
				ASSETCATALOG_COMPILER_APPICON_NAME = AppIcon;
				ASSETCATALOG_COMPILER_GLOBAL_ACCENT_COLOR_NAME = AccentColor;
				CODE_SIGN_STYLE = Automatic;
				DEVELOPMENT_TEAM = A4647YNHF8;
				INFOPLIST_FILE = Jokes/Info.plist;
				IPHONEOS_DEPLOYMENT_TARGET = 10.0;
				LD_RUNPATH_SEARCH_PATHS = (
					"$(inherited)",
					"@executable_path/Frameworks",
				);
				PRODUCT_BUNDLE_IDENTIFIER = com.klyukay.eva.Jokes;
				PRODUCT_NAME = "$(TARGET_NAME)";
				SWIFT_VERSION = 5.0;
				TARGETED_DEVICE_FAMILY = "1,2";
			};
			name = Debug;
		};
		A6DCC9FB25B8118D003A0594 /* Release */ = {
			isa = XCBuildConfiguration;
			buildSettings = {
				ASSETCATALOG_COMPILER_APPICON_NAME = AppIcon;
				ASSETCATALOG_COMPILER_GLOBAL_ACCENT_COLOR_NAME = AccentColor;
				CODE_SIGN_STYLE = Automatic;
				DEVELOPMENT_TEAM = A4647YNHF8;
				INFOPLIST_FILE = Jokes/Info.plist;
				IPHONEOS_DEPLOYMENT_TARGET = 10.0;
				LD_RUNPATH_SEARCH_PATHS = (
					"$(inherited)",
					"@executable_path/Frameworks",
				);
				PRODUCT_BUNDLE_IDENTIFIER = com.klyukay.eva.Jokes;
				PRODUCT_NAME = "$(TARGET_NAME)";
				SWIFT_VERSION = 5.0;
				TARGETED_DEVICE_FAMILY = "1,2";
			};
			name = Release;
		};
/* End XCBuildConfiguration section */

/* Begin XCConfigurationList section */
		A6DCC9E025B8118A003A0594 /* Build configuration list for PBXProject "Jokes" */ = {
			isa = XCConfigurationList;
			buildConfigurations = (
				A6DCC9F725B8118D003A0594 /* Debug */,
				A6DCC9F825B8118D003A0594 /* Release */,
			);
			defaultConfigurationIsVisible = 0;
			defaultConfigurationName = Release;
		};
		A6DCC9F925B8118D003A0594 /* Build configuration list for PBXNativeTarget "Jokes" */ = {
			isa = XCConfigurationList;
			buildConfigurations = (
				A6DCC9FA25B8118D003A0594 /* Debug */,
				A6DCC9FB25B8118D003A0594 /* Release */,
			);
			defaultConfigurationIsVisible = 0;
			defaultConfigurationName = Release;
		};
/* End XCConfigurationList section */

/* Begin XCRemoteSwiftPackageReference section */
		A6DCCA0D25B8685D003A0594 /* XCRemoteSwiftPackageReference "Alamofire" */ = {
			isa = XCRemoteSwiftPackageReference;
			repositoryURL = "https://github.com/Alamofire/Alamofire.git";
			requirement = {
				kind = upToNextMajorVersion;
				minimumVersion = 5.4.1;
			};
		};
/* End XCRemoteSwiftPackageReference section */

/* Begin XCSwiftPackageProductDependency section */
		A6DCCA0E25B8685D003A0594 /* Alamofire */ = {
			isa = XCSwiftPackageProductDependency;
			package = A6DCCA0D25B8685D003A0594 /* XCRemoteSwiftPackageReference "Alamofire" */;
			productName = Alamofire;
		};
/* End XCSwiftPackageProductDependency section */
	};
	rootObject = A6DCC9DD25B8118A003A0594 /* Project object */;
}
